<Solution>
  <Project Path="VagaJusta.Application/VagaJusta.Application.csproj" Id="fa9be771-1feb-43ff-b3e8-8f1452e401e5" />
  <Project Path="VagaJusta.Domain/VagaJusta.Domain.csproj" />
  <Project Path="VagaJusta.Infrastructure/VagaJusta.Infrastructure.csproj" Id="646e1152-13d9-434d-83e0-8afe1a706ba2" />
  <Project Path="VagaJusta.Tests/VagaJusta.Tests.csproj" />
</Solution>
